// !$*UTF8*$!
{
	archiveVersion = 1;
	classes = {
	};
	objectVersion = 50;
	objects = {

/* Begin PBXBuildFile section */
		51624B2524BEE4E3EC00BE14 /* Pods_NDetail.framework in Frameworks */ = {isa = PBXBuildFile; fileRef = 2D8D413981CA077F7D58311A /* Pods_NDetail.framework */; };
		A18228AC257E0C44003690C5 /* NDetail.framework in Frameworks */ = {isa = PBXBuildFile; fileRef = A18228A2257E0C44003690C5 /* NDetail.framework */; };
		A18228B1257E0C44003690C5 /* NDetailTests.swift in Sources */ = {isa = PBXBuildFile; fileRef = A18228B0257E0C44003690C5 /* NDetailTests.swift */; };
		A18228B3257E0C44003690C5 /* NDetail.h in Headers */ = {isa = PBXBuildFile; fileRef = A18228A5257E0C44003690C5 /* NDetail.h */; settings = {ATTRIBUTES = (Public, ); }; };
		A18228E9257E0CAD003690C5 /* NCore.framework in Frameworks */ = {isa = PBXBuildFile; fileRef = A18228E8257E0CAD003690C5 /* NCore.framework */; };
		A1822920257E0DF7003690C5 /* DetailTransformer.swift in Sources */ = {isa = PBXBuildFile; fileRef = A182291F257E0DF7003690C5 /* DetailTransformer.swift */; };
		A182292F257E0E2B003690C5 /* DetailModuleEntity.swift in Sources */ = {isa = PBXBuildFile; fileRef = A182292E257E0E2B003690C5 /* DetailModuleEntity.swift */; };
		A1822938257E0E93003690C5 /* DetailModuleResponse.swift in Sources */ = {isa = PBXBuildFile; fileRef = A1822937257E0E93003690C5 /* DetailModuleResponse.swift */; };
		A182293E257E0EAB003690C5 /* GetDetailRemoteDataSource.swift in Sources */ = {isa = PBXBuildFile; fileRef = A182293D257E0EAB003690C5 /* GetDetailRemoteDataSource.swift */; };
		A1822942257E0EC1003690C5 /* GetDetailRepository.swift in Sources */ = {isa = PBXBuildFile; fileRef = A1822941257E0EC1003690C5 /* GetDetailRepository.swift */; };
		A1822946257E0ED3003690C5 /* DetailDomainModel.swift in Sources */ = {isa = PBXBuildFile; fileRef = A1822945257E0ED3003690C5 /* DetailDomainModel.swift */; };
		A1B7050D258257BA000F71D0 /* GetDetailLocalDataSource.swift in Sources */ = {isa = PBXBuildFile; fileRef = A1B7050C258257BA000F71D0 /* GetDetailLocalDataSource.swift */; };
/* End PBXBuildFile section */

/* Begin PBXContainerItemProxy section */
		A18228AD257E0C44003690C5 /* PBXContainerItemProxy */ = {
			isa = PBXContainerItemProxy;
			containerPortal = A1822899257E0C44003690C5 /* Project object */;
			proxyType = 1;
			remoteGlobalIDString = A18228A1257E0C44003690C5;
			remoteInfo = NDetail;
		};
/* End PBXContainerItemProxy section */

/* Begin PBXFileReference section */
		0544BD0E709CB8C5BB5B09B6 /* Pods-NDetail.debug.xcconfig */ = {isa = PBXFileReference; includeInIndex = 1; lastKnownFileType = text.xcconfig; name = "Pods-NDetail.debug.xcconfig"; path = "Target Support Files/Pods-NDetail/Pods-NDetail.debug.xcconfig"; sourceTree = "<group>"; };
		2D8D413981CA077F7D58311A /* Pods_NDetail.framework */ = {isa = PBXFileReference; explicitFileType = wrapper.framework; includeInIndex = 0; path = Pods_NDetail.framework; sourceTree = BUILT_PRODUCTS_DIR; };
		9B45B5901FC251FC2FEAFE93 /* Pods-NDetail.release.xcconfig */ = {isa = PBXFileReference; includeInIndex = 1; lastKnownFileType = text.xcconfig; name = "Pods-NDetail.release.xcconfig"; path = "Target Support Files/Pods-NDetail/Pods-NDetail.release.xcconfig"; sourceTree = "<group>"; };
		A18228A2257E0C44003690C5 /* NDetail.framework */ = {isa = PBXFileReference; explicitFileType = wrapper.framework; includeInIndex = 0; path = NDetail.framework; sourceTree = BUILT_PRODUCTS_DIR; };
		A18228A5257E0C44003690C5 /* NDetail.h */ = {isa = PBXFileReference; lastKnownFileType = sourcecode.c.h; path = NDetail.h; sourceTree = "<group>"; };
		A18228A6257E0C44003690C5 /* Info.plist */ = {isa = PBXFileReference; lastKnownFileType = text.plist.xml; path = Info.plist; sourceTree = "<group>"; };
		A18228AB257E0C44003690C5 /* NDetailTests.xctest */ = {isa = PBXFileReference; explicitFileType = wrapper.cfbundle; includeInIndex = 0; path = NDetailTests.xctest; sourceTree = BUILT_PRODUCTS_DIR; };
		A18228B0257E0C44003690C5 /* NDetailTests.swift */ = {isa = PBXFileReference; lastKnownFileType = sourcecode.swift; path = NDetailTests.swift; sourceTree = "<group>"; };
		A18228B2257E0C44003690C5 /* Info.plist */ = {isa = PBXFileReference; lastKnownFileType = text.plist.xml; path = Info.plist; sourceTree = "<group>"; };
		A18228E8257E0CAD003690C5 /* NCore.framework */ = {isa = PBXFileReference; explicitFileType = wrapper.framework; path = NCore.framework; sourceTree = BUILT_PRODUCTS_DIR; };
		A182291F257E0DF7003690C5 /* DetailTransformer.swift */ = {isa = PBXFileReference; lastKnownFileType = sourcecode.swift; path = DetailTransformer.swift; sourceTree = "<group>"; };
		A182292E257E0E2B003690C5 /* DetailModuleEntity.swift */ = {isa = PBXFileReference; lastKnownFileType = sourcecode.swift; path = DetailModuleEntity.swift; sourceTree = "<group>"; };
		A1822937257E0E93003690C5 /* DetailModuleResponse.swift */ = {isa = PBXFileReference; lastKnownFileType = sourcecode.swift; path = DetailModuleResponse.swift; sourceTree = "<group>"; };
		A182293D257E0EAB003690C5 /* GetDetailRemoteDataSource.swift */ = {isa = PBXFileReference; lastKnownFileType = sourcecode.swift; path = GetDetailRemoteDataSource.swift; sourceTree = "<group>"; };
		A1822941257E0EC1003690C5 /* GetDetailRepository.swift */ = {isa = PBXFileReference; lastKnownFileType = sourcecode.swift; path = GetDetailRepository.swift; sourceTree = "<group>"; };
		A1822945257E0ED3003690C5 /* DetailDomainModel.swift */ = {isa = PBXFileReference; lastKnownFileType = sourcecode.swift; path = DetailDomainModel.swift; sourceTree = "<group>"; };
		A1B7050C258257BA000F71D0 /* GetDetailLocalDataSource.swift */ = {isa = PBXFileReference; lastKnownFileType = sourcecode.swift; path = GetDetailLocalDataSource.swift; sourceTree = "<group>"; };
/* End PBXFileReference section */

/* Begin PBXFrameworksBuildPhase section */
		A182289F257E0C44003690C5 /* Frameworks */ = {
			isa = PBXFrameworksBuildPhase;
			buildActionMask = 2147483647;
			files = (
				A18228E9257E0CAD003690C5 /* NCore.framework in Frameworks */,
				51624B2524BEE4E3EC00BE14 /* Pods_NDetail.framework in Frameworks */,
			);
			runOnlyForDeploymentPostprocessing = 0;
		};
		A18228A8257E0C44003690C5 /* Frameworks */ = {
			isa = PBXFrameworksBuildPhase;
			buildActionMask = 2147483647;
			files = (
				A18228AC257E0C44003690C5 /* NDetail.framework in Frameworks */,
			);
			runOnlyForDeploymentPostprocessing = 0;
		};
/* End PBXFrameworksBuildPhase section */

/* Begin PBXGroup section */
		32E5855010A12DF2E1F0149B /* Frameworks */ = {
			isa = PBXGroup;
			children = (
				A18228E8257E0CAD003690C5 /* NCore.framework */,
				2D8D413981CA077F7D58311A /* Pods_NDetail.framework */,
			);
			name = Frameworks;
			sourceTree = "<group>";
		};
		A1822898257E0C44003690C5 = {
			isa = PBXGroup;
			children = (
				A18228A4257E0C44003690C5 /* NDetail */,
				A18228AF257E0C44003690C5 /* NDetailTests */,
				A18228A3257E0C44003690C5 /* Products */,
				C1E608B200BEBC7E44BBFCCC /* Pods */,
				32E5855010A12DF2E1F0149B /* Frameworks */,
			);
			sourceTree = "<group>";
		};
		A18228A3257E0C44003690C5 /* Products */ = {
			isa = PBXGroup;
			children = (
				A18228A2257E0C44003690C5 /* NDetail.framework */,
				A18228AB257E0C44003690C5 /* NDetailTests.xctest */,
			);
			name = Products;
			sourceTree = "<group>";
		};
		A18228A4257E0C44003690C5 /* NDetail */ = {
			isa = PBXGroup;
			children = (
				A182291A257E0DB4003690C5 /* Data */,
				A182291B257E0DB9003690C5 /* Domain */,
				A18228A5257E0C44003690C5 /* NDetail.h */,
				A18228A6257E0C44003690C5 /* Info.plist */,
				A182291F257E0DF7003690C5 /* DetailTransformer.swift */,
			);
			path = NDetail;
			sourceTree = "<group>";
		};
		A18228AF257E0C44003690C5 /* NDetailTests */ = {
			isa = PBXGroup;
			children = (
				A18228B0257E0C44003690C5 /* NDetailTests.swift */,
				A18228B2257E0C44003690C5 /* Info.plist */,
			);
			path = NDetailTests;
			sourceTree = "<group>";
		};
		A182291A257E0DB4003690C5 /* Data */ = {
			isa = PBXGroup;
			children = (
				A182292D257E0E1B003690C5 /* Entity */,
				A1822934257E0E4E003690C5 /* Locale */,
				A1822935257E0E69003690C5 /* Remote */,
				A1822941257E0EC1003690C5 /* GetDetailRepository.swift */,
			);
			path = Data;
			sourceTree = "<group>";
		};
		A182291B257E0DB9003690C5 /* Domain */ = {
			isa = PBXGroup;
			children = (
				A1822945257E0ED3003690C5 /* DetailDomainModel.swift */,
			);
			path = Domain;
			sourceTree = "<group>";
		};
		A182292D257E0E1B003690C5 /* Entity */ = {
			isa = PBXGroup;
			children = (
				A182292E257E0E2B003690C5 /* DetailModuleEntity.swift */,
			);
			path = Entity;
			sourceTree = "<group>";
		};
		A1822934257E0E4E003690C5 /* Locale */ = {
			isa = PBXGroup;
			children = (
				A1B7050C258257BA000F71D0 /* GetDetailLocalDataSource.swift */,
			);
			path = Locale;
			sourceTree = "<group>";
		};
		A1822935257E0E69003690C5 /* Remote */ = {
			isa = PBXGroup;
			children = (
				A1822936257E0E80003690C5 /* Response */,
				A182293D257E0EAB003690C5 /* GetDetailRemoteDataSource.swift */,
			);
			path = Remote;
			sourceTree = "<group>";
		};
		A1822936257E0E80003690C5 /* Response */ = {
			isa = PBXGroup;
			children = (
				A1822937257E0E93003690C5 /* DetailModuleResponse.swift */,
			);
			path = Response;
			sourceTree = "<group>";
		};
		C1E608B200BEBC7E44BBFCCC /* Pods */ = {
			isa = PBXGroup;
			children = (
				0544BD0E709CB8C5BB5B09B6 /* Pods-NDetail.debug.xcconfig */,
				9B45B5901FC251FC2FEAFE93 /* Pods-NDetail.release.xcconfig */,
			);
			name = Pods;
			path = ../Nonton/Pods;
			sourceTree = "<group>";
		};
/* End PBXGroup section */

/* Begin PBXHeadersBuildPhase section */
		A182289D257E0C44003690C5 /* Headers */ = {
			isa = PBXHeadersBuildPhase;
			buildActionMask = 2147483647;
			files = (
				A18228B3257E0C44003690C5 /* NDetail.h in Headers */,
			);
			runOnlyForDeploymentPostprocessing = 0;
		};
/* End PBXHeadersBuildPhase section */

/* Begin PBXNativeTarget section */
		A18228A1257E0C44003690C5 /* NDetail */ = {
			isa = PBXNativeTarget;
			buildConfigurationList = A18228B6257E0C44003690C5 /* Build configuration list for PBXNativeTarget "NDetail" */;
			buildPhases = (
				FDDF4EA4BA8E2EC51BF73A99 /* [CP] Check Pods Manifest.lock */,
				A182289D257E0C44003690C5 /* Headers */,
				A182289E257E0C44003690C5 /* Sources */,
				A182289F257E0C44003690C5 /* Frameworks */,
				A18228A0257E0C44003690C5 /* Resources */,
			);
			buildRules = (
			);
			dependencies = (
			);
			name = NDetail;
			productName = NDetail;
			productReference = A18228A2257E0C44003690C5 /* NDetail.framework */;
			productType = "com.apple.product-type.framework";
		};
		A18228AA257E0C44003690C5 /* NDetailTests */ = {
			isa = PBXNativeTarget;
			buildConfigurationList = A18228B9257E0C44003690C5 /* Build configuration list for PBXNativeTarget "NDetailTests" */;
			buildPhases = (
				A18228A7257E0C44003690C5 /* Sources */,
				A18228A8257E0C44003690C5 /* Frameworks */,
				A18228A9257E0C44003690C5 /* Resources */,
			);
			buildRules = (
			);
			dependencies = (
				A18228AE257E0C44003690C5 /* PBXTargetDependency */,
			);
			name = NDetailTests;
			productName = NDetailTests;
			productReference = A18228AB257E0C44003690C5 /* NDetailTests.xctest */;
			productType = "com.apple.product-type.bundle.unit-test";
		};
/* End PBXNativeTarget section */

/* Begin PBXProject section */
		A1822899257E0C44003690C5 /* Project object */ = {
			isa = PBXProject;
			attributes = {
				LastSwiftUpdateCheck = 1210;
				LastUpgradeCheck = 1210;
				TargetAttributes = {
					A18228A1257E0C44003690C5 = {
						CreatedOnToolsVersion = 12.1;
						LastSwiftMigration = 1210;
					};
					A18228AA257E0C44003690C5 = {
						CreatedOnToolsVersion = 12.1;
					};
				};
			};
			buildConfigurationList = A182289C257E0C44003690C5 /* Build configuration list for PBXProject "NDetail" */;
			compatibilityVersion = "Xcode 9.3";
			developmentRegion = en;
			hasScannedForEncodings = 0;
			knownRegions = (
				en,
				Base,
			);
			mainGroup = A1822898257E0C44003690C5;
			productRefGroup = A18228A3257E0C44003690C5 /* Products */;
			projectDirPath = "";
			projectRoot = "";
			targets = (
				A18228A1257E0C44003690C5 /* NDetail */,
				A18228AA257E0C44003690C5 /* NDetailTests */,
			);
		};
/* End PBXProject section */

/* Begin PBXResourcesBuildPhase section */
		A18228A0257E0C44003690C5 /* Resources */ = {
			isa = PBXResourcesBuildPhase;
			buildActionMask = 2147483647;
			files = (
			);
			runOnlyForDeploymentPostprocessing = 0;
		};
		A18228A9257E0C44003690C5 /* Resources */ = {
			isa = PBXResourcesBuildPhase;
			buildActionMask = 2147483647;
			files = (
			);
			runOnlyForDeploymentPostprocessing = 0;
		};
/* End PBXResourcesBuildPhase section */

/* Begin PBXShellScriptBuildPhase section */
		FDDF4EA4BA8E2EC51BF73A99 /* [CP] Check Pods Manifest.lock */ = {
			isa = PBXShellScriptBuildPhase;
			buildActionMask = 2147483647;
			files = (
			);
			inputFileListPaths = (
			);
			inputPaths = (
				"${PODS_PODFILE_DIR_PATH}/Podfile.lock",
				"${PODS_ROOT}/Manifest.lock",
			);
			name = "[CP] Check Pods Manifest.lock";
			outputFileListPaths = (
			);
			outputPaths = (
				"$(DERIVED_FILE_DIR)/Pods-NDetail-checkManifestLockResult.txt",
			);
			runOnlyForDeploymentPostprocessing = 0;
			shellPath = /bin/sh;
			shellScript = "diff \"${PODS_PODFILE_DIR_PATH}/Podfile.lock\" \"${PODS_ROOT}/Manifest.lock\" > /dev/null\nif [ $? != 0 ] ; then\n    # print error to STDERR\n    echo \"error: The sandbox is not in sync with the Podfile.lock. Run 'pod install' or update your CocoaPods installation.\" >&2\n    exit 1\nfi\n# This output is used by Xcode 'outputs' to avoid re-running this script phase.\necho \"SUCCESS\" > \"${SCRIPT_OUTPUT_FILE_0}\"\n";
			showEnvVarsInLog = 0;
		};
/* End PBXShellScriptBuildPhase section */

/* Begin PBXSourcesBuildPhase section */
		A182289E257E0C44003690C5 /* Sources */ = {
			isa = PBXSourcesBuildPhase;
			buildActionMask = 2147483647;
			files = (
				A182293E257E0EAB003690C5 /* GetDetailRemoteDataSource.swift in Sources */,
				A182292F257E0E2B003690C5 /* DetailModuleEntity.swift in Sources */,
				A1B7050D258257BA000F71D0 /* GetDetailLocalDataSource.swift in Sources */,
				A1822920257E0DF7003690C5 /* DetailTransformer.swift in Sources */,
				A1822942257E0EC1003690C5 /* GetDetailRepository.swift in Sources */,
				A1822946257E0ED3003690C5 /* DetailDomainModel.swift in Sources */,
				A1822938257E0E93003690C5 /* DetailModuleResponse.swift in Sources */,
			);
			runOnlyForDeploymentPostprocessing = 0;
		};
		A18228A7257E0C44003690C5 /* Sources */ = {
			isa = PBXSourcesBuildPhase;
			buildActionMask = 2147483647;
			files = (
				A18228B1257E0C44003690C5 /* NDetailTests.swift in Sources */,
			);
			runOnlyForDeploymentPostprocessing = 0;
		};
/* End PBXSourcesBuildPhase section */

/* Begin PBXTargetDependency section */
		A18228AE257E0C44003690C5 /* PBXTargetDependency */ = {
			isa = PBXTargetDependency;
			target = A18228A1257E0C44003690C5 /* NDetail */;
			targetProxy = A18228AD257E0C44003690C5 /* PBXContainerItemProxy */;
		};
/* End PBXTargetDependency section */

/* Begin XCBuildConfiguration section */
		A18228B4257E0C44003690C5 /* Debug */ = {
			isa = XCBuildConfiguration;
			buildSettings = {
				ALWAYS_SEARCH_USER_PATHS = NO;
				CLANG_ANALYZER_NONNULL = YES;
				CLANG_ANALYZER_NUMBER_OBJECT_CONVERSION = YES_AGGRESSIVE;
				CLANG_CXX_LANGUAGE_STANDARD = "gnu++14";
				CLANG_CXX_LIBRARY = "libc++";
				CLANG_ENABLE_MODULES = YES;
				CLANG_ENABLE_OBJC_ARC = YES;
				CLANG_ENABLE_OBJC_WEAK = YES;
				CLANG_WARN_BLOCK_CAPTURE_AUTORELEASING = YES;
				CLANG_WARN_BOOL_CONVERSION = YES;
				CLANG_WARN_COMMA = YES;
				CLANG_WARN_CONSTANT_CONVERSION = YES;
				CLANG_WARN_DEPRECATED_OBJC_IMPLEMENTATIONS = YES;
				CLANG_WARN_DIRECT_OBJC_ISA_USAGE = YES_ERROR;
				CLANG_WARN_DOCUMENTATION_COMMENTS = YES;
				CLANG_WARN_EMPTY_BODY = YES;
				CLANG_WARN_ENUM_CONVERSION = YES;
				CLANG_WARN_INFINITE_RECURSION = YES;
				CLANG_WARN_INT_CONVERSION = YES;
				CLANG_WARN_NON_LITERAL_NULL_CONVERSION = YES;
				CLANG_WARN_OBJC_IMPLICIT_RETAIN_SELF = YES;
				CLANG_WARN_OBJC_LITERAL_CONVERSION = YES;
				CLANG_WARN_OBJC_ROOT_CLASS = YES_ERROR;
				CLANG_WARN_QUOTED_INCLUDE_IN_FRAMEWORK_HEADER = YES;
				CLANG_WARN_RANGE_LOOP_ANALYSIS = YES;
				CLANG_WARN_STRICT_PROTOTYPES = YES;
				CLANG_WARN_SUSPICIOUS_MOVE = YES;
				CLANG_WARN_UNGUARDED_AVAILABILITY = YES_AGGRESSIVE;
				CLANG_WARN_UNREACHABLE_CODE = YES;
				CLANG_WARN__DUPLICATE_METHOD_MATCH = YES;
				COPY_PHASE_STRIP = NO;
				CURRENT_PROJECT_VERSION = 1;
				DEBUG_INFORMATION_FORMAT = dwarf;
				ENABLE_STRICT_OBJC_MSGSEND = YES;
				ENABLE_TESTABILITY = YES;
				GCC_C_LANGUAGE_STANDARD = gnu11;
				GCC_DYNAMIC_NO_PIC = NO;
				GCC_NO_COMMON_BLOCKS = YES;
				GCC_OPTIMIZATION_LEVEL = 0;
				GCC_PREPROCESSOR_DEFINITIONS = (
					"DEBUG=1",
					"$(inherited)",
				);
				GCC_WARN_64_TO_32_BIT_CONVERSION = YES;
				GCC_WARN_ABOUT_RETURN_TYPE = YES_ERROR;
				GCC_WARN_UNDECLARED_SELECTOR = YES;
				GCC_WARN_UNINITIALIZED_AUTOS = YES_AGGRESSIVE;
				GCC_WARN_UNUSED_FUNCTION = YES;
				GCC_WARN_UNUSED_VARIABLE = YES;
				IPHONEOS_DEPLOYMENT_TARGET = 14.0;
				MTL_ENABLE_DEBUG_INFO = INCLUDE_SOURCE;
				MTL_FAST_MATH = YES;
				ONLY_ACTIVE_ARCH = YES;
				SDKROOT = iphoneos;
				SWIFT_ACTIVE_COMPILATION_CONDITIONS = DEBUG;
				SWIFT_OPTIMIZATION_LEVEL = "-Onone";
				VERSIONING_SYSTEM = "apple-generic";
				VERSION_INFO_PREFIX = "";
			};
			name = Debug;
		};
		A18228B5257E0C44003690C5 /* Release */ = {
			isa = XCBuildConfiguration;
			buildSettings = {
				ALWAYS_SEARCH_USER_PATHS = NO;
				CLANG_ANALYZER_NONNULL = YES;
				CLANG_ANALYZER_NUMBER_OBJECT_CONVERSION = YES_AGGRESSIVE;
				CLANG_CXX_LANGUAGE_STANDARD = "gnu++14";
				CLANG_CXX_LIBRARY = "libc++";
				CLANG_ENABLE_MODULES = YES;
				CLANG_ENABLE_OBJC_ARC = YES;
				CLANG_ENABLE_OBJC_WEAK = YES;
				CLANG_WARN_BLOCK_CAPTURE_AUTORELEASING = YES;
				CLANG_WARN_BOOL_CONVERSION = YES;
				CLANG_WARN_COMMA = YES;
				CLANG_WARN_CONSTANT_CONVERSION = YES;
				CLANG_WARN_DEPRECATED_OBJC_IMPLEMENTATIONS = YES;
				CLANG_WARN_DIRECT_OBJC_ISA_USAGE = YES_ERROR;
				CLANG_WARN_DOCUMENTATION_COMMENTS = YES;
				CLANG_WARN_EMPTY_BODY = YES;
				CLANG_WARN_ENUM_CONVERSION = YES;
				CLANG_WARN_INFINITE_RECURSION = YES;
				CLANG_WARN_INT_CONVERSION = YES;
				CLANG_WARN_NON_LITERAL_NULL_CONVERSION = YES;
				CLANG_WARN_OBJC_IMPLICIT_RETAIN_SELF = YES;
				CLANG_WARN_OBJC_LITERAL_CONVERSION = YES;
				CLANG_WARN_OBJC_ROOT_CLASS = YES_ERROR;
				CLANG_WARN_QUOTED_INCLUDE_IN_FRAMEWORK_HEADER = YES;
				CLANG_WARN_RANGE_LOOP_ANALYSIS = YES;
				CLANG_WARN_STRICT_PROTOTYPES = YES;
				CLANG_WARN_SUSPICIOUS_MOVE = YES;
				CLANG_WARN_UNGUARDED_AVAILABILITY = YES_AGGRESSIVE;
				CLANG_WARN_UNREACHABLE_CODE = YES;
				CLANG_WARN__DUPLICATE_METHOD_MATCH = YES;
				COPY_PHASE_STRIP = NO;
				CURRENT_PROJECT_VERSION = 1;
				DEBUG_INFORMATION_FORMAT = "dwarf-with-dsym";
				ENABLE_NS_ASSERTIONS = NO;
				ENABLE_STRICT_OBJC_MSGSEND = YES;
				GCC_C_LANGUAGE_STANDARD = gnu11;
				GCC_NO_COMMON_BLOCKS = YES;
				GCC_WARN_64_TO_32_BIT_CONVERSION = YES;
				GCC_WARN_ABOUT_RETURN_TYPE = YES_ERROR;
				GCC_WARN_UNDECLARED_SELECTOR = YES;
				GCC_WARN_UNINITIALIZED_AUTOS = YES_AGGRESSIVE;
				GCC_WARN_UNUSED_FUNCTION = YES;
				GCC_WARN_UNUSED_VARIABLE = YES;
				IPHONEOS_DEPLOYMENT_TARGET = 14.0;
				MTL_ENABLE_DEBUG_INFO = NO;
				MTL_FAST_MATH = YES;
				SDKROOT = iphoneos;
				SWIFT_COMPILATION_MODE = wholemodule;
				SWIFT_OPTIMIZATION_LEVEL = "-O";
				VALIDATE_PRODUCT = YES;
				VERSIONING_SYSTEM = "apple-generic";
				VERSION_INFO_PREFIX = "";
			};
			name = Release;
		};
		A18228B7257E0C44003690C5 /* Debug */ = {
			isa = XCBuildConfiguration;
			baseConfigurationReference = 0544BD0E709CB8C5BB5B09B6 /* Pods-NDetail.debug.xcconfig */;
			buildSettings = {
				CLANG_ENABLE_MODULES = YES;
				CODE_SIGN_STYLE = Automatic;
				DEFINES_MODULE = YES;
				DEVELOPMENT_TEAM = 5RREGEMU45;
				DYLIB_COMPATIBILITY_VERSION = 1;
				DYLIB_CURRENT_VERSION = 1;
				DYLIB_INSTALL_NAME_BASE = "@rpath";
				INFOPLIST_FILE = NDetail/Info.plist;
				INSTALL_PATH = "$(LOCAL_LIBRARY_DIR)/Frameworks";
				LD_RUNPATH_SEARCH_PATHS = (
					"$(inherited)",
					"@executable_path/Frameworks",
					"@loader_path/Frameworks",
				);
				PRODUCT_BUNDLE_IDENTIFIER = aryasurya.NDetail;
				PRODUCT_NAME = "$(TARGET_NAME:c99extidentifier)";
				SKIP_INSTALL = YES;
				SWIFT_OPTIMIZATION_LEVEL = "-Onone";
				SWIFT_VERSION = 5.0;
				TARGETED_DEVICE_FAMILY = "1,2";
			};
			name = Debug;
		};
		A18228B8257E0C44003690C5 /* Release */ = {
			isa = XCBuildConfiguration;
			baseConfigurationReference = 9B45B5901FC251FC2FEAFE93 /* Pods-NDetail.release.xcconfig */;
			buildSettings = {
				CLANG_ENABLE_MODULES = YES;
				CODE_SIGN_STYLE = Automatic;
				DEFINES_MODULE = YES;
				DEVELOPMENT_TEAM = 5RREGEMU45;
				DYLIB_COMPATIBILITY_VERSION = 1;
				DYLIB_CURRENT_VERSION = 1;
				DYLIB_INSTALL_NAME_BASE = "@rpath";
				INFOPLIST_FILE = NDetail/Info.plist;
				INSTALL_PATH = "$(LOCAL_LIBRARY_DIR)/Frameworks";
				LD_RUNPATH_SEARCH_PATHS = (
					"$(inherited)",
					"@executable_path/Frameworks",
					"@loader_path/Frameworks",
				);
				PRODUCT_BUNDLE_IDENTIFIER = aryasurya.NDetail;
				PRODUCT_NAME = "$(TARGET_NAME:c99extidentifier)";
				SKIP_INSTALL = YES;
				SWIFT_VERSION = 5.0;
				TARGETED_DEVICE_FAMILY = "1,2";
			};
			name = Release;
		};
		A18228BA257E0C44003690C5 /* Debug */ = {
			isa = XCBuildConfiguration;
			buildSettings = {
				ALWAYS_EMBED_SWIFT_STANDARD_LIBRARIES = YES;
				CODE_SIGN_STYLE = Automatic;
				DEVELOPMENT_TEAM = 5RREGEMU45;
				INFOPLIST_FILE = NDetailTests/Info.plist;
				LD_RUNPATH_SEARCH_PATHS = (
					"$(inherited)",
					"@executable_path/Frameworks",
					"@loader_path/Frameworks",
				);
				PRODUCT_BUNDLE_IDENTIFIER = aryasurya.NDetailTests;
				PRODUCT_NAME = "$(TARGET_NAME)";
				SWIFT_VERSION = 5.0;
				TARGETED_DEVICE_FAMILY = "1,2";
			};
			name = Debug;
		};
		A18228BB257E0C44003690C5 /* Release */ = {
			isa = XCBuildConfiguration;
			buildSettings = {
				ALWAYS_EMBED_SWIFT_STANDARD_LIBRARIES = YES;
				CODE_SIGN_STYLE = Automatic;
				DEVELOPMENT_TEAM = 5RREGEMU45;
				INFOPLIST_FILE = NDetailTests/Info.plist;
				LD_RUNPATH_SEARCH_PATHS = (
					"$(inherited)",
					"@executable_path/Frameworks",
					"@loader_path/Frameworks",
				);
				PRODUCT_BUNDLE_IDENTIFIER = aryasurya.NDetailTests;
				PRODUCT_NAME = "$(TARGET_NAME)";
				SWIFT_VERSION = 5.0;
				TARGETED_DEVICE_FAMILY = "1,2";
			};
			name = Release;
		};
/* End XCBuildConfiguration section */

/* Begin XCConfigurationList section */
		A182289C257E0C44003690C5 /* Build configuration list for PBXProject "NDetail" */ = {
			isa = XCConfigurationList;
			buildConfigurations = (
				A18228B4257E0C44003690C5 /* Debug */,
				A18228B5257E0C44003690C5 /* Release */,
			);
			defaultConfigurationIsVisible = 0;
			defaultConfigurationName = Release;
		};
		A18228B6257E0C44003690C5 /* Build configuration list for PBXNativeTarget "NDetail" */ = {
			isa = XCConfigurationList;
			buildConfigurations = (
				A18228B7257E0C44003690C5 /* Debug */,
				A18228B8257E0C44003690C5 /* Release */,
			);
			defaultConfigurationIsVisible = 0;
			defaultConfigurationName = Release;
		};
		A18228B9257E0C44003690C5 /* Build configuration list for PBXNativeTarget "NDetailTests" */ = {
			isa = XCConfigurationList;
			buildConfigurations = (
				A18228BA257E0C44003690C5 /* Debug */,
				A18228BB257E0C44003690C5 /* Release */,
			);
			defaultConfigurationIsVisible = 0;
			defaultConfigurationName = Release;
		};
/* End XCConfigurationList section */
	};
	rootObject = A1822899257E0C44003690C5 /* Project object */;
}
